
Microsoft Visual Studio Solution File, Format Version 12.00
# Visual Studio 15
VisualStudioVersion = 15.0.28307.421
MinimumVisualStudioVersion = 10.0.40219.1
Project("{FAE04EC0-301F-11D3-BF4B-00C04F79EFBC}") = "lab2SystemPrograming", "WindowsFormsApp2\lab2SystemPrograming.csproj", "{BA7AA2D3-A7DE-4210-B4EA-0E7305A6039A}"
EndProject
Global
	GlobalSection(SolutionConfigurationPlatforms) = preSolution
		Debug|Any CPU = Debug|Any CPU
		Release|Any CPU = Release|Any CPU
	EndGlobalSection
	GlobalSection(ProjectConfigurationPlatforms) = postSolution
		{BA7AA2D3-A7DE-4210-B4EA-0E7305A6039A}.Debug|Any CPU.ActiveCfg = Debug|Any CPU
		{BA7AA2D3-A7DE-4210-B4EA-0E7305A6039A}.Debug|Any CPU.Build.0 = Debug|Any CPU
		{BA7AA2D3-A7DE-4210-B4EA-0E7305A6039A}.Release|Any CPU.ActiveCfg = Release|Any CPU
		{BA7AA2D3-A7DE-4210-B4EA-0E7305A6039A}.Release|Any CPU.Build.0 = Release|Any CPU
	EndGlobalSection
	GlobalSection(SolutionProperties) = preSolution
		HideSolutionNode = FALSE
	EndGlobalSection
	GlobalSection(ExtensibilityGlobals) = postSolution
		SolutionGuid = {F80CED51-1E1B-480A-8141-7E45F74BD35C}
	EndGlobalSection
EndGlobal
